
Microsoft Visual Studio Solution File, Format Version 12.00
# Visual Studio Version 17
VisualStudioVersion = 17.5.33530.505
MinimumVisualStudioVersion = 10.0.40219.1
Project("{FAE04EC0-301F-11D3-BF4B-00C04F79EFBC}") = "SpeedMaster", "SpeedMaster\SpeedMaster.csproj", "{62FEA242-8156-4485-8F5F-BA000778E13F}"
EndProject
Global
	GlobalSection(SolutionConfigurationPlatforms) = preSolution
		Debug|Any CPU = Debug|Any CPU
		Release|Any CPU = Release|Any CPU
	EndGlobalSection
	GlobalSection(ProjectConfigurationPlatforms) = postSolution
		{62FEA242-8156-4485-8F5F-BA000778E13F}.Debug|Any CPU.ActiveCfg = Debug|Any CPU
		{62FEA242-8156-4485-8F5F-BA000778E13F}.Debug|Any CPU.Build.0 = Debug|Any CPU
		{62FEA242-8156-4485-8F5F-BA000778E13F}.Release|Any CPU.ActiveCfg = Release|Any CPU
		{62FEA242-8156-4485-8F5F-BA000778E13F}.Release|Any CPU.Build.0 = Release|Any CPU
	EndGlobalSection
	GlobalSection(SolutionProperties) = preSolution
		HideSolutionNode = FALSE
	EndGlobalSection
	GlobalSection(ExtensibilityGlobals) = postSolution
		SolutionGuid = {966ABE31-A240-4355-A5D8-33B6B09C3A75}
	EndGlobalSection
EndGlobal
